
Microsoft Visual Studio Solution File, Format Version 11.00
# Visual Studio 2010
Project("{8BC9CEB8-8B4A-11D0-8D11-00A0C91BC942}") = "Dansbandet", "Dansbandet\Dansbandet.vcxproj", "{5A8A1EB0-EDD2-4459-A273-E4F715D5FFA6}"
EndProject
Project("{930C7802-8A8C-48F9-8165-68863BCCD9DD}") = "Setup", "Setup\Setup.wixproj", "{9AE554EA-1B44-4C2D-B1B0-C8D79DAD6EF5}"
EndProject
Global
	GlobalSection(SolutionConfigurationPlatforms) = preSolution
		Debug|Mixed Platforms = Debug|Mixed Platforms
		Debug|Win32 = Debug|Win32
		Debug|x86 = Debug|x86
		Release|Mixed Platforms = Release|Mixed Platforms
		Release|Win32 = Release|Win32
		Release|x86 = Release|x86
	EndGlobalSection
	GlobalSection(ProjectConfigurationPlatforms) = postSolution
		{5A8A1EB0-EDD2-4459-A273-E4F715D5FFA6}.Debug|Mixed Platforms.ActiveCfg = Debug|Win32
		{5A8A1EB0-EDD2-4459-A273-E4F715D5FFA6}.Debug|Mixed Platforms.Build.0 = Debug|Win32
		{5A8A1EB0-EDD2-4459-A273-E4F715D5FFA6}.Debug|Win32.ActiveCfg = Debug|Win32
		{5A8A1EB0-EDD2-4459-A273-E4F715D5FFA6}.Debug|Win32.Build.0 = Debug|Win32
		{5A8A1EB0-EDD2-4459-A273-E4F715D5FFA6}.Debug|x86.ActiveCfg = Debug|Win32
		{5A8A1EB0-EDD2-4459-A273-E4F715D5FFA6}.Release|Mixed Platforms.ActiveCfg = Release|Win32
		{5A8A1EB0-EDD2-4459-A273-E4F715D5FFA6}.Release|Mixed Platforms.Build.0 = Release|Win32
		{5A8A1EB0-EDD2-4459-A273-E4F715D5FFA6}.Release|Win32.ActiveCfg = Release|Win32
		{5A8A1EB0-EDD2-4459-A273-E4F715D5FFA6}.Release|Win32.Build.0 = Release|Win32
		{5A8A1EB0-EDD2-4459-A273-E4F715D5FFA6}.Release|x86.ActiveCfg = Release|Win32
		{9AE554EA-1B44-4C2D-B1B0-C8D79DAD6EF5}.Debug|Mixed Platforms.ActiveCfg = Debug|x86
		{9AE554EA-1B44-4C2D-B1B0-C8D79DAD6EF5}.Debug|Mixed Platforms.Build.0 = Debug|x86
		{9AE554EA-1B44-4C2D-B1B0-C8D79DAD6EF5}.Debug|Win32.ActiveCfg = Debug|x86
		{9AE554EA-1B44-4C2D-B1B0-C8D79DAD6EF5}.Debug|x86.ActiveCfg = Debug|x86
		{9AE554EA-1B44-4C2D-B1B0-C8D79DAD6EF5}.Debug|x86.Build.0 = Debug|x86
		{9AE554EA-1B44-4C2D-B1B0-C8D79DAD6EF5}.Release|Mixed Platforms.ActiveCfg = Release|x86
		{9AE554EA-1B44-4C2D-B1B0-C8D79DAD6EF5}.Release|Mixed Platforms.Build.0 = Release|x86
		{9AE554EA-1B44-4C2D-B1B0-C8D79DAD6EF5}.Release|Win32.ActiveCfg = Release|x86
		{9AE554EA-1B44-4C2D-B1B0-C8D79DAD6EF5}.Release|x86.ActiveCfg = Release|x86
		{9AE554EA-1B44-4C2D-B1B0-C8D79DAD6EF5}.Release|x86.Build.0 = Release|x86
	EndGlobalSection
	GlobalSection(SolutionProperties) = preSolution
		HideSolutionNode = FALSE
	EndGlobalSection
EndGlobal
